// !$*UTF8*$!
{
	archiveVersion = 1;
	classes = {
	};
	objectVersion = 46;
	objects = {

/* Begin PBXBuildFile section */
		7A93B47B168F7D65005D1E2F /* Cocoa.framework in Frameworks */ = {isa = PBXBuildFile; fileRef = 7A93B47A168F7D65005D1E2F /* Cocoa.framework */; };
		7A93B485168F7D65005D1E2F /* InfoPlist.strings in Resources */ = {isa = PBXBuildFile; fileRef = 7A93B483168F7D65005D1E2F /* InfoPlist.strings */; };
		7A93B487168F7D65005D1E2F /* main.m in Sources */ = {isa = PBXBuildFile; fileRef = 7A93B486168F7D65005D1E2F /* main.m */; };
		7A93B48B168F7D65005D1E2F /* Credits.rtf in Resources */ = {isa = PBXBuildFile; fileRef = 7A93B489168F7D65005D1E2F /* Credits.rtf */; };
		7A93B48E168F7D65005D1E2F /* Document.m in Sources */ = {isa = PBXBuildFile; fileRef = 7A93B48D168F7D65005D1E2F /* Document.m */; };
		7A93B491168F7D65005D1E2F /* Document.xib in Resources */ = {isa = PBXBuildFile; fileRef = 7A93B48F168F7D65005D1E2F /* Document.xib */; };
		7A93B494168F7D65005D1E2F /* MainMenu.xib in Resources */ = {isa = PBXBuildFile; fileRef = 7A93B492168F7D65005D1E2F /* MainMenu.xib */; };
/* End PBXBuildFile section */

/* Begin PBXFileReference section */
		7A93B476168F7D65005D1E2F /* Vocab.app */ = {isa = PBXFileReference; explicitFileType = wrapper.application; includeInIndex = 0; path = Vocab.app; sourceTree = BUILT_PRODUCTS_DIR; };
		7A93B47A168F7D65005D1E2F /* Cocoa.framework */ = {isa = PBXFileReference; lastKnownFileType = wrapper.framework; name = Cocoa.framework; path = System/Library/Frameworks/Cocoa.framework; sourceTree = SDKROOT; };
		7A93B47D168F7D65005D1E2F /* AppKit.framework */ = {isa = PBXFileReference; lastKnownFileType = wrapper.framework; name = AppKit.framework; path = System/Library/Frameworks/AppKit.framework; sourceTree = SDKROOT; };
		7A93B47E168F7D65005D1E2F /* CoreData.framework */ = {isa = PBXFileReference; lastKnownFileType = wrapper.framework; name = CoreData.framework; path = System/Library/Frameworks/CoreData.framework; sourceTree = SDKROOT; };
		7A93B47F168F7D65005D1E2F /* Foundation.framework */ = {isa = PBXFileReference; lastKnownFileType = wrapper.framework; name = Foundation.framework; path = System/Library/Frameworks/Foundation.framework; sourceTree = SDKROOT; };
		7A93B482168F7D65005D1E2F /* Vocab-Info.plist */ = {isa = PBXFileReference; lastKnownFileType = text.plist.xml; path = "Vocab-Info.plist"; sourceTree = "<group>"; };
		7A93B484168F7D65005D1E2F /* en */ = {isa = PBXFileReference; lastKnownFileType = text.plist.strings; name = en; path = en.lproj/InfoPlist.strings; sourceTree = "<group>"; };
		7A93B486168F7D65005D1E2F /* main.m */ = {isa = PBXFileReference; lastKnownFileType = sourcecode.c.objc; path = main.m; sourceTree = "<group>"; };
		7A93B488168F7D65005D1E2F /* Vocab-Prefix.pch */ = {isa = PBXFileReference; lastKnownFileType = sourcecode.c.h; path = "Vocab-Prefix.pch"; sourceTree = "<group>"; };
		7A93B48A168F7D65005D1E2F /* en */ = {isa = PBXFileReference; lastKnownFileType = text.rtf; name = en; path = en.lproj/Credits.rtf; sourceTree = "<group>"; };
		7A93B48C168F7D65005D1E2F /* Document.h */ = {isa = PBXFileReference; lastKnownFileType = sourcecode.c.h; path = Document.h; sourceTree = "<group>"; };
		7A93B48D168F7D65005D1E2F /* Document.m */ = {isa = PBXFileReference; lastKnownFileType = sourcecode.c.objc; path = Document.m; sourceTree = "<group>"; };
		7A93B490168F7D65005D1E2F /* en */ = {isa = PBXFileReference; lastKnownFileType = file.xib; name = en; path = en.lproj/Document.xib; sourceTree = "<group>"; };
		7A93B493168F7D65005D1E2F /* en */ = {isa = PBXFileReference; lastKnownFileType = file.xib; name = en; path = en.lproj/MainMenu.xib; sourceTree = "<group>"; };
/* End PBXFileReference section */

/* Begin PBXFrameworksBuildPhase section */
		7A93B473168F7D65005D1E2F /* Frameworks */ = {
			isa = PBXFrameworksBuildPhase;
			buildActionMask = 2147483647;
			files = (
				7A93B47B168F7D65005D1E2F /* Cocoa.framework in Frameworks */,
			);
			runOnlyForDeploymentPostprocessing = 0;
		};
/* End PBXFrameworksBuildPhase section */

/* Begin PBXGroup section */
		7A93B46B168F7D65005D1E2F = {
			isa = PBXGroup;
			children = (
				7A93B480168F7D65005D1E2F /* Vocab */,
				7A93B479168F7D65005D1E2F /* Frameworks */,
				7A93B477168F7D65005D1E2F /* Products */,
			);
			sourceTree = "<group>";
		};
		7A93B477168F7D65005D1E2F /* Products */ = {
			isa = PBXGroup;
			children = (
				7A93B476168F7D65005D1E2F /* Vocab.app */,
			);
			name = Products;
			sourceTree = "<group>";
		};
		7A93B479168F7D65005D1E2F /* Frameworks */ = {
			isa = PBXGroup;
			children = (
				7A93B47A168F7D65005D1E2F /* Cocoa.framework */,
				7A93B47C168F7D65005D1E2F /* Other Frameworks */,
			);
			name = Frameworks;
			sourceTree = "<group>";
		};
		7A93B47C168F7D65005D1E2F /* Other Frameworks */ = {
			isa = PBXGroup;
			children = (
				7A93B47D168F7D65005D1E2F /* AppKit.framework */,
				7A93B47E168F7D65005D1E2F /* CoreData.framework */,
				7A93B47F168F7D65005D1E2F /* Foundation.framework */,
			);
			name = "Other Frameworks";
			sourceTree = "<group>";
		};
		7A93B480168F7D65005D1E2F /* Vocab */ = {
			isa = PBXGroup;
			children = (
				7A93B48C168F7D65005D1E2F /* Document.h */,
				7A93B48D168F7D65005D1E2F /* Document.m */,
				7A93B48F168F7D65005D1E2F /* Document.xib */,
				7A93B492168F7D65005D1E2F /* MainMenu.xib */,
				7A93B481168F7D65005D1E2F /* Supporting Files */,
			);
			path = Vocab;
			sourceTree = "<group>";
		};
		7A93B481168F7D65005D1E2F /* Supporting Files */ = {
			isa = PBXGroup;
			children = (
				7A93B482168F7D65005D1E2F /* Vocab-Info.plist */,
				7A93B483168F7D65005D1E2F /* InfoPlist.strings */,
				7A93B486168F7D65005D1E2F /* main.m */,
				7A93B488168F7D65005D1E2F /* Vocab-Prefix.pch */,
				7A93B489168F7D65005D1E2F /* Credits.rtf */,
			);
			name = "Supporting Files";
			sourceTree = "<group>";
		};
/* End PBXGroup section */

/* Begin PBXNativeTarget section */
		7A93B475168F7D65005D1E2F /* Vocab */ = {
			isa = PBXNativeTarget;
			buildConfigurationList = 7A93B497168F7D65005D1E2F /* Build configuration list for PBXNativeTarget "Vocab" */;
			buildPhases = (
				7A93B472168F7D65005D1E2F /* Sources */,
				7A93B473168F7D65005D1E2F /* Frameworks */,
				7A93B474168F7D65005D1E2F /* Resources */,
			);
			buildRules = (
			);
			dependencies = (
			);
			name = Vocab;
			productName = Vocab;
			productReference = 7A93B476168F7D65005D1E2F /* Vocab.app */;
			productType = "com.apple.product-type.application";
		};
/* End PBXNativeTarget section */

/* Begin PBXProject section */
		7A93B46D168F7D65005D1E2F /* Project object */ = {
			isa = PBXProject;
			attributes = {
				LastUpgradeCheck = 0450;
				ORGANIZATIONNAME = "Arne Philipeit Software";
			};
			buildConfigurationList = 7A93B470168F7D65005D1E2F /* Build configuration list for PBXProject "Vocab" */;
			compatibilityVersion = "Xcode 3.2";
			developmentRegion = English;
			hasScannedForEncodings = 0;
			knownRegions = (
				en,
			);
			mainGroup = 7A93B46B168F7D65005D1E2F;
			productRefGroup = 7A93B477168F7D65005D1E2F /* Products */;
			projectDirPath = "";
			projectRoot = "";
			targets = (
				7A93B475168F7D65005D1E2F /* Vocab */,
			);
		};
/* End PBXProject section */

/* Begin PBXResourcesBuildPhase section */
		7A93B474168F7D65005D1E2F /* Resources */ = {
			isa = PBXResourcesBuildPhase;
			buildActionMask = 2147483647;
			files = (
				7A93B485168F7D65005D1E2F /* InfoPlist.strings in Resources */,
				7A93B48B168F7D65005D1E2F /* Credits.rtf in Resources */,
				7A93B491168F7D65005D1E2F /* Document.xib in Resources */,
				7A93B494168F7D65005D1E2F /* MainMenu.xib in Resources */,
			);
			runOnlyForDeploymentPostprocessing = 0;
		};
/* End PBXResourcesBuildPhase section */

/* Begin PBXSourcesBuildPhase section */
		7A93B472168F7D65005D1E2F /* Sources */ = {
			isa = PBXSourcesBuildPhase;
			buildActionMask = 2147483647;
			files = (
				7A93B487168F7D65005D1E2F /* main.m in Sources */,
				7A93B48E168F7D65005D1E2F /* Document.m in Sources */,
			);
			runOnlyForDeploymentPostprocessing = 0;
		};
/* End PBXSourcesBuildPhase section */

/* Begin PBXVariantGroup section */
		7A93B483168F7D65005D1E2F /* InfoPlist.strings */ = {
			isa = PBXVariantGroup;
			children = (
				7A93B484168F7D65005D1E2F /* en */,
			);
			name = InfoPlist.strings;
			sourceTree = "<group>";
		};
		7A93B489168F7D65005D1E2F /* Credits.rtf */ = {
			isa = PBXVariantGroup;
			children = (
				7A93B48A168F7D65005D1E2F /* en */,
			);
			name = Credits.rtf;
			sourceTree = "<group>";
		};
		7A93B48F168F7D65005D1E2F /* Document.xib */ = {
			isa = PBXVariantGroup;
			children = (
				7A93B490168F7D65005D1E2F /* en */,
			);
			name = Document.xib;
			sourceTree = "<group>";
		};
		7A93B492168F7D65005D1E2F /* MainMenu.xib */ = {
			isa = PBXVariantGroup;
			children = (
				7A93B493168F7D65005D1E2F /* en */,
			);
			name = MainMenu.xib;
			sourceTree = "<group>";
		};
/* End PBXVariantGroup section */

/* Begin XCBuildConfiguration section */
		7A93B495168F7D65005D1E2F /* Debug */ = {
			isa = XCBuildConfiguration;
			buildSettings = {
				ALWAYS_SEARCH_USER_PATHS = NO;
				ARCHS = "$(ARCHS_STANDARD_64_BIT)";
				CLANG_CXX_LANGUAGE_STANDARD = "gnu++0x";
				CLANG_CXX_LIBRARY = "libc++";
				CLANG_ENABLE_OBJC_ARC = YES;
				CLANG_WARN_EMPTY_BODY = YES;
				CLANG_WARN__DUPLICATE_METHOD_MATCH = YES;
				COPY_PHASE_STRIP = NO;
				GCC_C_LANGUAGE_STANDARD = gnu99;
				GCC_DYNAMIC_NO_PIC = NO;
				GCC_ENABLE_OBJC_EXCEPTIONS = YES;
				GCC_OPTIMIZATION_LEVEL = 0;
				GCC_PREPROCESSOR_DEFINITIONS = (
					"DEBUG=1",
					"$(inherited)",
				);
				GCC_SYMBOLS_PRIVATE_EXTERN = NO;
				GCC_WARN_64_TO_32_BIT_CONVERSION = YES;
				GCC_WARN_ABOUT_RETURN_TYPE = YES;
				GCC_WARN_UNINITIALIZED_AUTOS = YES;
				GCC_WARN_UNUSED_VARIABLE = YES;
				MACOSX_DEPLOYMENT_TARGET = 10.8;
				ONLY_ACTIVE_ARCH = YES;
				SDKROOT = macosx;
			};
			name = Debug;
		};
		7A93B496168F7D65005D1E2F /* Release */ = {
			isa = XCBuildConfiguration;
			buildSettings = {
				ALWAYS_SEARCH_USER_PATHS = NO;
				ARCHS = "$(ARCHS_STANDARD_64_BIT)";
				CLANG_CXX_LANGUAGE_STANDARD = "gnu++0x";
				CLANG_CXX_LIBRARY = "libc++";
				CLANG_ENABLE_OBJC_ARC = YES;
				CLANG_WARN_EMPTY_BODY = YES;
				CLANG_WARN__DUPLICATE_METHOD_MATCH = YES;
				COPY_PHASE_STRIP = YES;
				DEBUG_INFORMATION_FORMAT = "dwarf-with-dsym";
				GCC_C_LANGUAGE_STANDARD = gnu99;
				GCC_ENABLE_OBJC_EXCEPTIONS = YES;
				GCC_WARN_64_TO_32_BIT_CONVERSION = YES;
				GCC_WARN_ABOUT_RETURN_TYPE = YES;
				GCC_WARN_UNINITIALIZED_AUTOS = YES;
				GCC_WARN_UNUSED_VARIABLE = YES;
				MACOSX_DEPLOYMENT_TARGET = 10.8;
				SDKROOT = macosx;
			};
			name = Release;
		};
		7A93B498168F7D65005D1E2F /* Debug */ = {
			isa = XCBuildConfiguration;
			buildSettings = {
				COMBINE_HIDPI_IMAGES = YES;
				GCC_PRECOMPILE_PREFIX_HEADER = YES;
				GCC_PREFIX_HEADER = "Vocab/Vocab-Prefix.pch";
				INFOPLIST_FILE = "Vocab/Vocab-Info.plist";
				PRODUCT_NAME = "$(TARGET_NAME)";
				WRAPPER_EXTENSION = app;
			};
			name = Debug;
		};
		7A93B499168F7D65005D1E2F /* Release */ = {
			isa = XCBuildConfiguration;
			buildSettings = {
				COMBINE_HIDPI_IMAGES = YES;
				GCC_PRECOMPILE_PREFIX_HEADER = YES;
				GCC_PREFIX_HEADER = "Vocab/Vocab-Prefix.pch";
				INFOPLIST_FILE = "Vocab/Vocab-Info.plist";
				PRODUCT_NAME = "$(TARGET_NAME)";
				WRAPPER_EXTENSION = app;
			};
			name = Release;
		};
/* End XCBuildConfiguration section */

/* Begin XCConfigurationList section */
		7A93B470168F7D65005D1E2F /* Build configuration list for PBXProject "Vocab" */ = {
			isa = XCConfigurationList;
			buildConfigurations = (
				7A93B495168F7D65005D1E2F /* Debug */,
				7A93B496168F7D65005D1E2F /* Release */,
			);
			defaultConfigurationIsVisible = 0;
			defaultConfigurationName = Release;
		};
		7A93B497168F7D65005D1E2F /* Build configuration list for PBXNativeTarget "Vocab" */ = {
			isa = XCConfigurationList;
			buildConfigurations = (
				7A93B498168F7D65005D1E2F /* Debug */,
				7A93B499168F7D65005D1E2F /* Release */,
			);
			defaultConfigurationIsVisible = 0;
		};
/* End XCConfigurationList section */
	};
	rootObject = 7A93B46D168F7D65005D1E2F /* Project object */;
}
